
Microsoft Visual Studio Solution File, Format Version 12.00
# Visual Studio Version 16
VisualStudioVersion = 16.0.32228.343
MinimumVisualStudioVersion = 10.0.40219.1
Project("{FAE04EC0-301F-11D3-BF4B-00C04F79EFBC}") = "WebApplication48", "WebApplication48\WebApplication48.csproj", "{48603083-4B92-4FD5-8CD4-258588864AAD}"
EndProject
Global
	GlobalSection(SolutionConfigurationPlatforms) = preSolution
		Debug|Any CPU = Debug|Any CPU
		Release|Any CPU = Release|Any CPU
	EndGlobalSection
	GlobalSection(ProjectConfigurationPlatforms) = postSolution
		{48603083-4B92-4FD5-8CD4-258588864AAD}.Debug|Any CPU.ActiveCfg = Debug|Any CPU
		{48603083-4B92-4FD5-8CD4-258588864AAD}.Debug|Any CPU.Build.0 = Debug|Any CPU
		{48603083-4B92-4FD5-8CD4-258588864AAD}.Release|Any CPU.ActiveCfg = Release|Any CPU
		{48603083-4B92-4FD5-8CD4-258588864AAD}.Release|Any CPU.Build.0 = Release|Any CPU
	EndGlobalSection
	GlobalSection(SolutionProperties) = preSolution
		HideSolutionNode = FALSE
	EndGlobalSection
	GlobalSection(ExtensibilityGlobals) = postSolution
		SolutionGuid = {E97A6BA2-B077-4D90-A085-9F5EE8EEE14F}
	EndGlobalSection
EndGlobal
